
Microsoft Visual Studio Solution File, Format Version 12.00
Project("{FAE04EC0-301F-11D3-BF4B-00C04F79EFBC}") = "Triangles", "Triangles\Triangles.csproj", "{EBBCEE1F-AFE0-4634-ABEF-75BD8941587C}"
EndProject
Project("{FAE04EC0-301F-11D3-BF4B-00C04F79EFBC}") = "Triangles.Tests", "Triangles.Tests\Triangles.Tests.csproj", "{7C2D5A87-2B56-4081-BEBB-FEAC0CCDB96C}"
EndProject
Global
	GlobalSection(SolutionConfigurationPlatforms) = preSolution
		Debug|Any CPU = Debug|Any CPU
		Release|Any CPU = Release|Any CPU
	EndGlobalSection
	GlobalSection(ProjectConfigurationPlatforms) = postSolution
		{EBBCEE1F-AFE0-4634-ABEF-75BD8941587C}.Debug|Any CPU.ActiveCfg = Debug|Any CPU
		{EBBCEE1F-AFE0-4634-ABEF-75BD8941587C}.Debug|Any CPU.Build.0 = Debug|Any CPU
		{EBBCEE1F-AFE0-4634-ABEF-75BD8941587C}.Release|Any CPU.ActiveCfg = Release|Any CPU
		{EBBCEE1F-AFE0-4634-ABEF-75BD8941587C}.Release|Any CPU.Build.0 = Release|Any CPU
		{7C2D5A87-2B56-4081-BEBB-FEAC0CCDB96C}.Debug|Any CPU.ActiveCfg = Debug|Any CPU
		{7C2D5A87-2B56-4081-BEBB-FEAC0CCDB96C}.Debug|Any CPU.Build.0 = Debug|Any CPU
		{7C2D5A87-2B56-4081-BEBB-FEAC0CCDB96C}.Release|Any CPU.ActiveCfg = Release|Any CPU
		{7C2D5A87-2B56-4081-BEBB-FEAC0CCDB96C}.Release|Any CPU.Build.0 = Release|Any CPU
	EndGlobalSection
EndGlobal
